PODS:
  - Alamofire (5.4.0)
  - lottie-ios (3.1.8)
  - SwiftyJSON (4.3.0)
  - SwipeCellKit (2.7.1)

DEPENDENCIES:
  - Alamofire (~> 5.2)
  - lottie-ios
  - SwiftyJSON (~> 4.0)
  - SwipeCellKit

SPEC REPOS:
  trunk:
    - Alamofire
    - lottie-ios
    - SwiftyJSON
    - SwipeCellKit

SPEC CHECKSUMS:
  Alamofire: 3b6a534a3df22db367e4dedeeca73d1ddfcf0e2f
  lottie-ios: 48fac6be217c76937e36e340e2d09cf7b10b7f5f
  SwiftyJSON: 6faa0040f8b59dead0ee07436cbf76b73c08fd08
  SwipeCellKit: 3972254a826da74609926daf59b08d6c72e619ea

PODFILE CHECKSUM: aa2930eeed8c4b68cc921b2fd689bd31737d0ac1

COCOAPODS: 1.9.3
